// !$*UTF8*$!
{
	archiveVersion = 1;
	classes = {
	};
	objectVersion = 50;
	objects = {

/* Begin PBXBuildFile section */
		4C624761671D2A11FEB719C6 /* Pods_ThesisProjectMVVMExample.framework in Frameworks */ = {isa = PBXBuildFile; fileRef = 99929160BF03421331EC4945 /* Pods_ThesisProjectMVVMExample.framework */; };
		769A02139E4EB6D3EDB15245 /* Pods_ThesisProjectMVVMExampleTests.framework in Frameworks */ = {isa = PBXBuildFile; fileRef = 8D09961D00616364A518DC0A /* Pods_ThesisProjectMVVMExampleTests.framework */; };
		98572AF521BD9F53009C8D81 /* AppDelegate.swift in Sources */ = {isa = PBXBuildFile; fileRef = 98572AF421BD9F53009C8D81 /* AppDelegate.swift */; };
		98572AF721BD9F53009C8D81 /* MainTableViewController.swift in Sources */ = {isa = PBXBuildFile; fileRef = 98572AF621BD9F53009C8D81 /* MainTableViewController.swift */; };
		98572AFA21BD9F53009C8D81 /* Main.storyboard in Resources */ = {isa = PBXBuildFile; fileRef = 98572AF821BD9F53009C8D81 /* Main.storyboard */; };
		98572AFD21BD9F53009C8D81 /* ThesisProjectMVVMExample.xcdatamodeld in Sources */ = {isa = PBXBuildFile; fileRef = 98572AFB21BD9F53009C8D81 /* ThesisProjectMVVMExample.xcdatamodeld */; };
		98572AFF21BD9F54009C8D81 /* Assets.xcassets in Resources */ = {isa = PBXBuildFile; fileRef = 98572AFE21BD9F54009C8D81 /* Assets.xcassets */; };
		98572B0221BD9F54009C8D81 /* LaunchScreen.storyboard in Resources */ = {isa = PBXBuildFile; fileRef = 98572B0021BD9F54009C8D81 /* LaunchScreen.storyboard */; };
		98572B0D21BD9F54009C8D81 /* ThesisProjectMVVMExampleTests.swift in Sources */ = {isa = PBXBuildFile; fileRef = 98572B0C21BD9F54009C8D81 /* ThesisProjectMVVMExampleTests.swift */; };
		98C85B6B21C9901100907426 /* APIResult.swift in Sources */ = {isa = PBXBuildFile; fileRef = 98C85B6A21C9901100907426 /* APIResult.swift */; };
		98C85B6D21C9901D00907426 /* AssetCodeMapper.swift in Sources */ = {isa = PBXBuildFile; fileRef = 98C85B6C21C9901D00907426 /* AssetCodeMapper.swift */; };
		98C85B6F21C9902F00907426 /* ButtonType.swift in Sources */ = {isa = PBXBuildFile; fileRef = 98C85B6E21C9902F00907426 /* ButtonType.swift */; };
		98C85B7121C9904400907426 /* DataManager.swift in Sources */ = {isa = PBXBuildFile; fileRef = 98C85B7021C9904400907426 /* DataManager.swift */; };
		98C85B7421C9905F00907426 /* UIButton+Extensions.swift in Sources */ = {isa = PBXBuildFile; fileRef = 98C85B7321C9905F00907426 /* UIButton+Extensions.swift */; };
		98C85B7621C9906600907426 /* UIColor+Extensions.swift in Sources */ = {isa = PBXBuildFile; fileRef = 98C85B7521C9906600907426 /* UIColor+Extensions.swift */; };
		98C85B7821C9906C00907426 /* UITableViewCell+Extensions.swift in Sources */ = {isa = PBXBuildFile; fileRef = 98C85B7721C9906C00907426 /* UITableViewCell+Extensions.swift */; };
		98C85B7D21C9913500907426 /* City.swift in Sources */ = {isa = PBXBuildFile; fileRef = 98C85B7C21C9913500907426 /* City.swift */; };
		98C85B7F21C9913B00907426 /* Coordinates.swift in Sources */ = {isa = PBXBuildFile; fileRef = 98C85B7E21C9913B00907426 /* Coordinates.swift */; };
		98C85B8121C9914500907426 /* Forecast.swift in Sources */ = {isa = PBXBuildFile; fileRef = 98C85B8021C9914500907426 /* Forecast.swift */; };
		98C85B8321C9914E00907426 /* Location.swift in Sources */ = {isa = PBXBuildFile; fileRef = 98C85B8221C9914E00907426 /* Location.swift */; };
		98C85B8521C9919100907426 /* APIConsolidatedWeather.swift in Sources */ = {isa = PBXBuildFile; fileRef = 98C85B8421C9919100907426 /* APIConsolidatedWeather.swift */; };
		98C85B8721C9919800907426 /* APIForecast.swift in Sources */ = {isa = PBXBuildFile; fileRef = 98C85B8621C9919800907426 /* APIForecast.swift */; };
		98C85B8921C9919E00907426 /* APIParent.swift in Sources */ = {isa = PBXBuildFile; fileRef = 98C85B8821C9919E00907426 /* APIParent.swift */; };
		98C85B8B21C991A500907426 /* APISource.swift in Sources */ = {isa = PBXBuildFile; fileRef = 98C85B8A21C991A500907426 /* APISource.swift */; };
		98C85B8D21C991EF00907426 /* CityAdapter.swift in Sources */ = {isa = PBXBuildFile; fileRef = 98C85B8C21C991EF00907426 /* CityAdapter.swift */; };
		98C85B8F21C991F500907426 /* CoordinatesAdapter.swift in Sources */ = {isa = PBXBuildFile; fileRef = 98C85B8E21C991F500907426 /* CoordinatesAdapter.swift */; };
		98C85B9121C991FC00907426 /* ForecastAdapter.swift in Sources */ = {isa = PBXBuildFile; fileRef = 98C85B9021C991FC00907426 /* ForecastAdapter.swift */; };
		98C85B9321C9920200907426 /* ForecastCollectionAdapter.swift in Sources */ = {isa = PBXBuildFile; fileRef = 98C85B9221C9920200907426 /* ForecastCollectionAdapter.swift */; };
		98C85B9521C9920800907426 /* LocationAdapter.swift in Sources */ = {isa = PBXBuildFile; fileRef = 98C85B9421C9920800907426 /* LocationAdapter.swift */; };
		98C85B9721C9920E00907426 /* LocationCollectionAdapter.swift in Sources */ = {isa = PBXBuildFile; fileRef = 98C85B9621C9920E00907426 /* LocationCollectionAdapter.swift */; };
		98E4982421CD271400C23611 /* MainTableViewCell.swift in Sources */ = {isa = PBXBuildFile; fileRef = 98E4982221CD271400C23611 /* MainTableViewCell.swift */; };
		98E4982521CD271400C23611 /* MainTableViewCell.xib in Resources */ = {isa = PBXBuildFile; fileRef = 98E4982321CD271400C23611 /* MainTableViewCell.xib */; };
		98E4982721CD2AD600C23611 /* MainTableCellViewModel.swift in Sources */ = {isa = PBXBuildFile; fileRef = 98E4982621CD2AD600C23611 /* MainTableCellViewModel.swift */; };
		98E4982921CD2E4D00C23611 /* TableCellConfiguring.swift in Sources */ = {isa = PBXBuildFile; fileRef = 98E4982821CD2E4D00C23611 /* TableCellConfiguring.swift */; };
		98E4983121CD38ED00C23611 /* MainTableViewModel.swift in Sources */ = {isa = PBXBuildFile; fileRef = 98E4983021CD38ED00C23611 /* MainTableViewModel.swift */; };
		98E4983321CD529A00C23611 /* SeparatorStyle.swift in Sources */ = {isa = PBXBuildFile; fileRef = 98E4983221CD529A00C23611 /* SeparatorStyle.swift */; };
		98E4983521CD549B00C23611 /* MapViewController.swift in Sources */ = {isa = PBXBuildFile; fileRef = 98E4983421CD549B00C23611 /* MapViewController.swift */; };
		98E4983721CD54AF00C23611 /* MapViewModel.swift in Sources */ = {isa = PBXBuildFile; fileRef = 98E4983621CD54AF00C23611 /* MapViewModel.swift */; };
		98E4983921CD918400C23611 /* DetailViewController.swift in Sources */ = {isa = PBXBuildFile; fileRef = 98E4983821CD918400C23611 /* DetailViewController.swift */; };
		98E4983B21CD919100C23611 /* DetailViewModel.swift in Sources */ = {isa = PBXBuildFile; fileRef = 98E4983A21CD919100C23611 /* DetailViewModel.swift */; };
		98E4984321CD978600C23611 /* ForecastUIView.swift in Sources */ = {isa = PBXBuildFile; fileRef = 98E4984221CD978600C23611 /* ForecastUIView.swift */; };
		98E4984621CD9AA800C23611 /* ForecastViewModel.swift in Sources */ = {isa = PBXBuildFile; fileRef = 98E4984521CD9AA800C23611 /* ForecastViewModel.swift */; };
		98E4984821CE71BC00C23611 /* AddCityViewController.swift in Sources */ = {isa = PBXBuildFile; fileRef = 98E4984721CE71BC00C23611 /* AddCityViewController.swift */; };
		98E4984A21CE71D500C23611 /* AddCityViewModel.swift in Sources */ = {isa = PBXBuildFile; fileRef = 98E4984921CE71D500C23611 /* AddCityViewModel.swift */; };
		98E4984D21CEC62400C23611 /* APIManagerType.swift in Sources */ = {isa = PBXBuildFile; fileRef = 98E4984C21CEC62400C23611 /* APIManagerType.swift */; };
		98E4984F21CEC62B00C23611 /* APIManager.swift in Sources */ = {isa = PBXBuildFile; fileRef = 98E4984E21CEC62B00C23611 /* APIManager.swift */; };
		98E4985121CEC6F300C23611 /* APIError.swift in Sources */ = {isa = PBXBuildFile; fileRef = 98E4985021CEC6F300C23611 /* APIError.swift */; };
		98E4985421CEC73D00C23611 /* AppRepository.swift in Sources */ = {isa = PBXBuildFile; fileRef = 98E4985321CEC73D00C23611 /* AppRepository.swift */; };
/* End PBXBuildFile section */

/* Begin PBXContainerItemProxy section */
		98572B0921BD9F54009C8D81 /* PBXContainerItemProxy */ = {
			isa = PBXContainerItemProxy;
			containerPortal = 98572AE921BD9F53009C8D81 /* Project object */;
			proxyType = 1;
			remoteGlobalIDString = 98572AF021BD9F53009C8D81;
			remoteInfo = ThesisProjectMVVMExample;
		};
/* End PBXContainerItemProxy section */

/* Begin PBXFileReference section */
		2E42DBEADE57C8B88BDFF5B0 /* Pods-ThesisProjectMVVMExample.debug.xcconfig */ = {isa = PBXFileReference; includeInIndex = 1; lastKnownFileType = text.xcconfig; name = "Pods-ThesisProjectMVVMExample.debug.xcconfig"; path = "Pods/Target Support Files/Pods-ThesisProjectMVVMExample/Pods-ThesisProjectMVVMExample.debug.xcconfig"; sourceTree = "<group>"; };
		6B0F6EE67D2B9ED18367B390 /* Pods-ThesisProjectMVVMExampleTests.release.xcconfig */ = {isa = PBXFileReference; includeInIndex = 1; lastKnownFileType = text.xcconfig; name = "Pods-ThesisProjectMVVMExampleTests.release.xcconfig"; path = "Pods/Target Support Files/Pods-ThesisProjectMVVMExampleTests/Pods-ThesisProjectMVVMExampleTests.release.xcconfig"; sourceTree = "<group>"; };
		8D09961D00616364A518DC0A /* Pods_ThesisProjectMVVMExampleTests.framework */ = {isa = PBXFileReference; explicitFileType = wrapper.framework; includeInIndex = 0; path = Pods_ThesisProjectMVVMExampleTests.framework; sourceTree = BUILT_PRODUCTS_DIR; };
		98572AF121BD9F53009C8D81 /* ThesisProjectMVVMExample.app */ = {isa = PBXFileReference; explicitFileType = wrapper.application; includeInIndex = 0; path = ThesisProjectMVVMExample.app; sourceTree = BUILT_PRODUCTS_DIR; };
		98572AF421BD9F53009C8D81 /* AppDelegate.swift */ = {isa = PBXFileReference; lastKnownFileType = sourcecode.swift; path = AppDelegate.swift; sourceTree = "<group>"; };
		98572AF621BD9F53009C8D81 /* MainTableViewController.swift */ = {isa = PBXFileReference; lastKnownFileType = sourcecode.swift; path = MainTableViewController.swift; sourceTree = "<group>"; };
		98572AF921BD9F53009C8D81 /* Base */ = {isa = PBXFileReference; lastKnownFileType = file.storyboard; name = Base; path = Base.lproj/Main.storyboard; sourceTree = "<group>"; };
		98572AFC21BD9F53009C8D81 /* ThesisProjectMVVMExample.xcdatamodel */ = {isa = PBXFileReference; lastKnownFileType = wrapper.xcdatamodel; path = ThesisProjectMVVMExample.xcdatamodel; sourceTree = "<group>"; };
		98572AFE21BD9F54009C8D81 /* Assets.xcassets */ = {isa = PBXFileReference; lastKnownFileType = folder.assetcatalog; path = Assets.xcassets; sourceTree = "<group>"; };
		98572B0121BD9F54009C8D81 /* Base */ = {isa = PBXFileReference; lastKnownFileType = file.storyboard; name = Base; path = Base.lproj/LaunchScreen.storyboard; sourceTree = "<group>"; };
		98572B0321BD9F54009C8D81 /* Info.plist */ = {isa = PBXFileReference; lastKnownFileType = text.plist.xml; path = Info.plist; sourceTree = "<group>"; };
		98572B0821BD9F54009C8D81 /* ThesisProjectMVVMExampleTests.xctest */ = {isa = PBXFileReference; explicitFileType = wrapper.cfbundle; includeInIndex = 0; path = ThesisProjectMVVMExampleTests.xctest; sourceTree = BUILT_PRODUCTS_DIR; };
		98572B0C21BD9F54009C8D81 /* ThesisProjectMVVMExampleTests.swift */ = {isa = PBXFileReference; lastKnownFileType = sourcecode.swift; path = ThesisProjectMVVMExampleTests.swift; sourceTree = "<group>"; };
		98572B0E21BD9F54009C8D81 /* Info.plist */ = {isa = PBXFileReference; lastKnownFileType = text.plist.xml; path = Info.plist; sourceTree = "<group>"; };
		98C85B6A21C9901100907426 /* APIResult.swift */ = {isa = PBXFileReference; lastKnownFileType = sourcecode.swift; path = APIResult.swift; sourceTree = "<group>"; };
		98C85B6C21C9901D00907426 /* AssetCodeMapper.swift */ = {isa = PBXFileReference; lastKnownFileType = sourcecode.swift; path = AssetCodeMapper.swift; sourceTree = "<group>"; };
		98C85B6E21C9902F00907426 /* ButtonType.swift */ = {isa = PBXFileReference; lastKnownFileType = sourcecode.swift; path = ButtonType.swift; sourceTree = "<group>"; };
		98C85B7021C9904400907426 /* DataManager.swift */ = {isa = PBXFileReference; lastKnownFileType = sourcecode.swift; path = DataManager.swift; sourceTree = "<group>"; };
		98C85B7321C9905F00907426 /* UIButton+Extensions.swift */ = {isa = PBXFileReference; lastKnownFileType = sourcecode.swift; path = "UIButton+Extensions.swift"; sourceTree = "<group>"; };
		98C85B7521C9906600907426 /* UIColor+Extensions.swift */ = {isa = PBXFileReference; lastKnownFileType = sourcecode.swift; path = "UIColor+Extensions.swift"; sourceTree = "<group>"; };
		98C85B7721C9906C00907426 /* UITableViewCell+Extensions.swift */ = {isa = PBXFileReference; lastKnownFileType = sourcecode.swift; path = "UITableViewCell+Extensions.swift"; sourceTree = "<group>"; };
		98C85B7C21C9913500907426 /* City.swift */ = {isa = PBXFileReference; lastKnownFileType = sourcecode.swift; path = City.swift; sourceTree = "<group>"; };
		98C85B7E21C9913B00907426 /* Coordinates.swift */ = {isa = PBXFileReference; lastKnownFileType = sourcecode.swift; path = Coordinates.swift; sourceTree = "<group>"; };
		98C85B8021C9914500907426 /* Forecast.swift */ = {isa = PBXFileReference; lastKnownFileType = sourcecode.swift; path = Forecast.swift; sourceTree = "<group>"; };
		98C85B8221C9914E00907426 /* Location.swift */ = {isa = PBXFileReference; lastKnownFileType = sourcecode.swift; path = Location.swift; sourceTree = "<group>"; };
		98C85B8421C9919100907426 /* APIConsolidatedWeather.swift */ = {isa = PBXFileReference; lastKnownFileType = sourcecode.swift; path = APIConsolidatedWeather.swift; sourceTree = "<group>"; };
		98C85B8621C9919800907426 /* APIForecast.swift */ = {isa = PBXFileReference; lastKnownFileType = sourcecode.swift; path = APIForecast.swift; sourceTree = "<group>"; };
		98C85B8821C9919E00907426 /* APIParent.swift */ = {isa = PBXFileReference; lastKnownFileType = sourcecode.swift; path = APIParent.swift; sourceTree = "<group>"; };
		98C85B8A21C991A500907426 /* APISource.swift */ = {isa = PBXFileReference; lastKnownFileType = sourcecode.swift; path = APISource.swift; sourceTree = "<group>"; };
		98C85B8C21C991EF00907426 /* CityAdapter.swift */ = {isa = PBXFileReference; lastKnownFileType = sourcecode.swift; path = CityAdapter.swift; sourceTree = "<group>"; };
		98C85B8E21C991F500907426 /* CoordinatesAdapter.swift */ = {isa = PBXFileReference; lastKnownFileType = sourcecode.swift; path = CoordinatesAdapter.swift; sourceTree = "<group>"; };
		98C85B9021C991FC00907426 /* ForecastAdapter.swift */ = {isa = PBXFileReference; lastKnownFileType = sourcecode.swift; path = ForecastAdapter.swift; sourceTree = "<group>"; };
		98C85B9221C9920200907426 /* ForecastCollectionAdapter.swift */ = {isa = PBXFileReference; lastKnownFileType = sourcecode.swift; path = ForecastCollectionAdapter.swift; sourceTree = "<group>"; };
		98C85B9421C9920800907426 /* LocationAdapter.swift */ = {isa = PBXFileReference; lastKnownFileType = sourcecode.swift; path = LocationAdapter.swift; sourceTree = "<group>"; };
		98C85B9621C9920E00907426 /* LocationCollectionAdapter.swift */ = {isa = PBXFileReference; lastKnownFileType = sourcecode.swift; path = LocationCollectionAdapter.swift; sourceTree = "<group>"; };
		98E4982221CD271400C23611 /* MainTableViewCell.swift */ = {isa = PBXFileReference; lastKnownFileType = sourcecode.swift; path = MainTableViewCell.swift; sourceTree = "<group>"; };
		98E4982321CD271400C23611 /* MainTableViewCell.xib */ = {isa = PBXFileReference; lastKnownFileType = file.xib; path = MainTableViewCell.xib; sourceTree = "<group>"; };
		98E4982621CD2AD600C23611 /* MainTableCellViewModel.swift */ = {isa = PBXFileReference; lastKnownFileType = sourcecode.swift; path = MainTableCellViewModel.swift; sourceTree = "<group>"; };
		98E4982821CD2E4D00C23611 /* TableCellConfiguring.swift */ = {isa = PBXFileReference; lastKnownFileType = sourcecode.swift; path = TableCellConfiguring.swift; sourceTree = "<group>"; };
		98E4983021CD38ED00C23611 /* MainTableViewModel.swift */ = {isa = PBXFileReference; lastKnownFileType = sourcecode.swift; path = MainTableViewModel.swift; sourceTree = "<group>"; };
		98E4983221CD529A00C23611 /* SeparatorStyle.swift */ = {isa = PBXFileReference; lastKnownFileType = sourcecode.swift; path = SeparatorStyle.swift; sourceTree = "<group>"; };
		98E4983421CD549B00C23611 /* MapViewController.swift */ = {isa = PBXFileReference; lastKnownFileType = sourcecode.swift; path = MapViewController.swift; sourceTree = "<group>"; };
		98E4983621CD54AF00C23611 /* MapViewModel.swift */ = {isa = PBXFileReference; lastKnownFileType = sourcecode.swift; path = MapViewModel.swift; sourceTree = "<group>"; };
		98E4983821CD918400C23611 /* DetailViewController.swift */ = {isa = PBXFileReference; lastKnownFileType = sourcecode.swift; path = DetailViewController.swift; sourceTree = "<group>"; };
		98E4983A21CD919100C23611 /* DetailViewModel.swift */ = {isa = PBXFileReference; lastKnownFileType = sourcecode.swift; path = DetailViewModel.swift; sourceTree = "<group>"; };
		98E4984221CD978600C23611 /* ForecastUIView.swift */ = {isa = PBXFileReference; lastKnownFileType = sourcecode.swift; path = ForecastUIView.swift; sourceTree = "<group>"; };
		98E4984521CD9AA800C23611 /* ForecastViewModel.swift */ = {isa = PBXFileReference; lastKnownFileType = sourcecode.swift; path = ForecastViewModel.swift; sourceTree = "<group>"; };
		98E4984721CE71BC00C23611 /* AddCityViewController.swift */ = {isa = PBXFileReference; lastKnownFileType = sourcecode.swift; path = AddCityViewController.swift; sourceTree = "<group>"; };
		98E4984921CE71D500C23611 /* AddCityViewModel.swift */ = {isa = PBXFileReference; lastKnownFileType = sourcecode.swift; path = AddCityViewModel.swift; sourceTree = "<group>"; };
		98E4984C21CEC62400C23611 /* APIManagerType.swift */ = {isa = PBXFileReference; lastKnownFileType = sourcecode.swift; path = APIManagerType.swift; sourceTree = "<group>"; };
		98E4984E21CEC62B00C23611 /* APIManager.swift */ = {isa = PBXFileReference; lastKnownFileType = sourcecode.swift; path = APIManager.swift; sourceTree = "<group>"; };
		98E4985021CEC6F300C23611 /* APIError.swift */ = {isa = PBXFileReference; lastKnownFileType = sourcecode.swift; path = APIError.swift; sourceTree = "<group>"; };
		98E4985321CEC73D00C23611 /* AppRepository.swift */ = {isa = PBXFileReference; lastKnownFileType = sourcecode.swift; path = AppRepository.swift; sourceTree = "<group>"; };
		99929160BF03421331EC4945 /* Pods_ThesisProjectMVVMExample.framework */ = {isa = PBXFileReference; explicitFileType = wrapper.framework; includeInIndex = 0; path = Pods_ThesisProjectMVVMExample.framework; sourceTree = BUILT_PRODUCTS_DIR; };
		BE3DAB7C47BBAA0507BC06F8 /* Pods-ThesisProjectMVVMExampleTests.debug.xcconfig */ = {isa = PBXFileReference; includeInIndex = 1; lastKnownFileType = text.xcconfig; name = "Pods-ThesisProjectMVVMExampleTests.debug.xcconfig"; path = "Pods/Target Support Files/Pods-ThesisProjectMVVMExampleTests/Pods-ThesisProjectMVVMExampleTests.debug.xcconfig"; sourceTree = "<group>"; };
		F0EFC0A31AE322E651BA2BBC /* Pods-ThesisProjectMVVMExample.release.xcconfig */ = {isa = PBXFileReference; includeInIndex = 1; lastKnownFileType = text.xcconfig; name = "Pods-ThesisProjectMVVMExample.release.xcconfig"; path = "Pods/Target Support Files/Pods-ThesisProjectMVVMExample/Pods-ThesisProjectMVVMExample.release.xcconfig"; sourceTree = "<group>"; };
/* End PBXFileReference section */

/* Begin PBXFrameworksBuildPhase section */
		98572AEE21BD9F53009C8D81 /* Frameworks */ = {
			isa = PBXFrameworksBuildPhase;
			buildActionMask = 2147483647;
			files = (
				4C624761671D2A11FEB719C6 /* Pods_ThesisProjectMVVMExample.framework in Frameworks */,
			);
			runOnlyForDeploymentPostprocessing = 0;
		};
		98572B0521BD9F54009C8D81 /* Frameworks */ = {
			isa = PBXFrameworksBuildPhase;
			buildActionMask = 2147483647;
			files = (
				769A02139E4EB6D3EDB15245 /* Pods_ThesisProjectMVVMExampleTests.framework in Frameworks */,
			);
			runOnlyForDeploymentPostprocessing = 0;
		};
/* End PBXFrameworksBuildPhase section */

/* Begin PBXGroup section */
		429C7A19D8F4E8687329ED6A /* Pods */ = {
			isa = PBXGroup;
			children = (
				2E42DBEADE57C8B88BDFF5B0 /* Pods-ThesisProjectMVVMExample.debug.xcconfig */,
				F0EFC0A31AE322E651BA2BBC /* Pods-ThesisProjectMVVMExample.release.xcconfig */,
				BE3DAB7C47BBAA0507BC06F8 /* Pods-ThesisProjectMVVMExampleTests.debug.xcconfig */,
				6B0F6EE67D2B9ED18367B390 /* Pods-ThesisProjectMVVMExampleTests.release.xcconfig */,
			);
			name = Pods;
			sourceTree = "<group>";
		};
		98572AE821BD9F53009C8D81 = {
			isa = PBXGroup;
			children = (
				98572AF321BD9F53009C8D81 /* ThesisProjectMVVMExample */,
				98572B0B21BD9F54009C8D81 /* ThesisProjectMVVMExampleTests */,
				98572AF221BD9F53009C8D81 /* Products */,
				429C7A19D8F4E8687329ED6A /* Pods */,
				A14CED487E528580629B74F5 /* Frameworks */,
			);
			sourceTree = "<group>";
		};
		98572AF221BD9F53009C8D81 /* Products */ = {
			isa = PBXGroup;
			children = (
				98572AF121BD9F53009C8D81 /* ThesisProjectMVVMExample.app */,
				98572B0821BD9F54009C8D81 /* ThesisProjectMVVMExampleTests.xctest */,
			);
			name = Products;
			sourceTree = "<group>";
		};
		98572AF321BD9F53009C8D81 /* ThesisProjectMVVMExample */ = {
			isa = PBXGroup;
			children = (
				98C85B9C21C9944500907426 /* Project */,
				98C85B6921C9900300907426 /* Utilities */,
				98C85B6821C98FDF00907426 /* Resources */,
				98572AF421BD9F53009C8D81 /* AppDelegate.swift */,
				98572B0321BD9F54009C8D81 /* Info.plist */,
				98572AFB21BD9F53009C8D81 /* ThesisProjectMVVMExample.xcdatamodeld */,
			);
			path = ThesisProjectMVVMExample;
			sourceTree = "<group>";
		};
		98572B0B21BD9F54009C8D81 /* ThesisProjectMVVMExampleTests */ = {
			isa = PBXGroup;
			children = (
				98572B0C21BD9F54009C8D81 /* ThesisProjectMVVMExampleTests.swift */,
				98572B0E21BD9F54009C8D81 /* Info.plist */,
			);
			path = ThesisProjectMVVMExampleTests;
			sourceTree = "<group>";
		};
		98C85B6821C98FDF00907426 /* Resources */ = {
			isa = PBXGroup;
			children = (
				98572AFE21BD9F54009C8D81 /* Assets.xcassets */,
				98572B0021BD9F54009C8D81 /* LaunchScreen.storyboard */,
				98572AF821BD9F53009C8D81 /* Main.storyboard */,
			);
			path = Resources;
			sourceTree = "<group>";
		};
		98C85B6921C9900300907426 /* Utilities */ = {
			isa = PBXGroup;
			children = (
				98E4984B21CEC61100C23611 /* API */,
				98E4985221CEC72E00C23611 /* Repository */,
				98C85B7221C9904B00907426 /* Extensions */,
				98C85B6C21C9901D00907426 /* AssetCodeMapper.swift */,
				98C85B6E21C9902F00907426 /* ButtonType.swift */,
				98C85B7021C9904400907426 /* DataManager.swift */,
				98E4983221CD529A00C23611 /* SeparatorStyle.swift */,
			);
			path = Utilities;
			sourceTree = "<group>";
		};
		98C85B7221C9904B00907426 /* Extensions */ = {
			isa = PBXGroup;
			children = (
				98C85B7321C9905F00907426 /* UIButton+Extensions.swift */,
				98C85B7521C9906600907426 /* UIColor+Extensions.swift */,
				98C85B7721C9906C00907426 /* UITableViewCell+Extensions.swift */,
			);
			path = Extensions;
			sourceTree = "<group>";
		};
		98C85B7921C9910E00907426 /* Models */ = {
			isa = PBXGroup;
			children = (
				98C85B7A21C9911C00907426 /* Adapters */,
				98C85B7B21C9912400907426 /* APIModels */,
				98C85B7C21C9913500907426 /* City.swift */,
				98C85B7E21C9913B00907426 /* Coordinates.swift */,
				98C85B8021C9914500907426 /* Forecast.swift */,
				98C85B8221C9914E00907426 /* Location.swift */,
			);
			path = Models;
			sourceTree = "<group>";
		};
		98C85B7A21C9911C00907426 /* Adapters */ = {
			isa = PBXGroup;
			children = (
				98C85B8C21C991EF00907426 /* CityAdapter.swift */,
				98C85B8E21C991F500907426 /* CoordinatesAdapter.swift */,
				98C85B9021C991FC00907426 /* ForecastAdapter.swift */,
				98C85B9221C9920200907426 /* ForecastCollectionAdapter.swift */,
				98C85B9421C9920800907426 /* LocationAdapter.swift */,
				98C85B9621C9920E00907426 /* LocationCollectionAdapter.swift */,
			);
			path = Adapters;
			sourceTree = "<group>";
		};
		98C85B7B21C9912400907426 /* APIModels */ = {
			isa = PBXGroup;
			children = (
				98C85B8421C9919100907426 /* APIConsolidatedWeather.swift */,
				98C85B8621C9919800907426 /* APIForecast.swift */,
				98C85B8821C9919E00907426 /* APIParent.swift */,
				98C85B8A21C991A500907426 /* APISource.swift */,
			);
			path = APIModels;
			sourceTree = "<group>";
		};
		98C85B9821C992FF00907426 /* Views */ = {
			isa = PBXGroup;
			children = (
				98572AF621BD9F53009C8D81 /* MainTableViewController.swift */,
				98E4982221CD271400C23611 /* MainTableViewCell.swift */,
				98E4982321CD271400C23611 /* MainTableViewCell.xib */,
				98E4983421CD549B00C23611 /* MapViewController.swift */,
				98E4983821CD918400C23611 /* DetailViewController.swift */,
				98E4984221CD978600C23611 /* ForecastUIView.swift */,
				98E4984721CE71BC00C23611 /* AddCityViewController.swift */,
			);
			path = Views;
			sourceTree = "<group>";
		};
		98C85B9921C9931200907426 /* ViewModels */ = {
			isa = PBXGroup;
			children = (
				98E4983021CD38ED00C23611 /* MainTableViewModel.swift */,
				98E4982621CD2AD600C23611 /* MainTableCellViewModel.swift */,
				98E4983621CD54AF00C23611 /* MapViewModel.swift */,
				98E4983A21CD919100C23611 /* DetailViewModel.swift */,
				98E4984521CD9AA800C23611 /* ForecastViewModel.swift */,
				98E4984921CE71D500C23611 /* AddCityViewModel.swift */,
			);
			path = ViewModels;
			sourceTree = "<group>";
		};
		98C85B9C21C9944500907426 /* Project */ = {
			isa = PBXGroup;
			children = (
				98E4982821CD2E4D00C23611 /* TableCellConfiguring.swift */,
				98C85B9821C992FF00907426 /* Views */,
				98C85B9921C9931200907426 /* ViewModels */,
				98C85B7921C9910E00907426 /* Models */,
			);
			path = Project;
			sourceTree = "<group>";
		};
		98E4984B21CEC61100C23611 /* API */ = {
			isa = PBXGroup;
			children = (
				98E4984C21CEC62400C23611 /* APIManagerType.swift */,
				98E4984E21CEC62B00C23611 /* APIManager.swift */,
				98C85B6A21C9901100907426 /* APIResult.swift */,
				98E4985021CEC6F300C23611 /* APIError.swift */,
			);
			path = API;
			sourceTree = "<group>";
		};
		98E4985221CEC72E00C23611 /* Repository */ = {
			isa = PBXGroup;
			children = (
				98E4985321CEC73D00C23611 /* AppRepository.swift */,
			);
			path = Repository;
			sourceTree = "<group>";
		};
		A14CED487E528580629B74F5 /* Frameworks */ = {
			isa = PBXGroup;
			children = (
				99929160BF03421331EC4945 /* Pods_ThesisProjectMVVMExample.framework */,
				8D09961D00616364A518DC0A /* Pods_ThesisProjectMVVMExampleTests.framework */,
			);
			name = Frameworks;
			sourceTree = "<group>";
		};
/* End PBXGroup section */

/* Begin PBXNativeTarget section */
		98572AF021BD9F53009C8D81 /* ThesisProjectMVVMExample */ = {
			isa = PBXNativeTarget;
			buildConfigurationList = 98572B1121BD9F54009C8D81 /* Build configuration list for PBXNativeTarget "ThesisProjectMVVMExample" */;
			buildPhases = (
				1621FF5B6FC806E935363566 /* [CP] Check Pods Manifest.lock */,
				98572B1721BDA12C009C8D81 /* SwiftLint */,
				98572AED21BD9F53009C8D81 /* Sources */,
				98572AEE21BD9F53009C8D81 /* Frameworks */,
				98572AEF21BD9F53009C8D81 /* Resources */,
			);
			buildRules = (
			);
			dependencies = (
			);
			name = ThesisProjectMVVMExample;
			productName = ThesisProjectMVVMExample;
			productReference = 98572AF121BD9F53009C8D81 /* ThesisProjectMVVMExample.app */;
			productType = "com.apple.product-type.application";
		};
		98572B0721BD9F54009C8D81 /* ThesisProjectMVVMExampleTests */ = {
			isa = PBXNativeTarget;
			buildConfigurationList = 98572B1421BD9F54009C8D81 /* Build configuration list for PBXNativeTarget "ThesisProjectMVVMExampleTests" */;
			buildPhases = (
				6EED1040144877C3310D4C50 /* [CP] Check Pods Manifest.lock */,
				98572B0421BD9F54009C8D81 /* Sources */,
				98572B0521BD9F54009C8D81 /* Frameworks */,
				98572B0621BD9F54009C8D81 /* Resources */,
			);
			buildRules = (
			);
			dependencies = (
				98572B0A21BD9F54009C8D81 /* PBXTargetDependency */,
			);
			name = ThesisProjectMVVMExampleTests;
			productName = ThesisProjectMVVMExampleTests;
			productReference = 98572B0821BD9F54009C8D81 /* ThesisProjectMVVMExampleTests.xctest */;
			productType = "com.apple.product-type.bundle.unit-test";
		};
/* End PBXNativeTarget section */

/* Begin PBXProject section */
		98572AE921BD9F53009C8D81 /* Project object */ = {
			isa = PBXProject;
			attributes = {
				LastSwiftUpdateCheck = 1010;
				LastUpgradeCheck = 1010;
				ORGANIZATIONNAME = "Maciej Hełmecki";
				TargetAttributes = {
					98572AF021BD9F53009C8D81 = {
						CreatedOnToolsVersion = 10.1;
					};
					98572B0721BD9F54009C8D81 = {
						CreatedOnToolsVersion = 10.1;
						TestTargetID = 98572AF021BD9F53009C8D81;
					};
				};
			};
			buildConfigurationList = 98572AEC21BD9F53009C8D81 /* Build configuration list for PBXProject "ThesisProjectMVVMExample" */;
			compatibilityVersion = "Xcode 9.3";
			developmentRegion = en;
			hasScannedForEncodings = 0;
			knownRegions = (
				en,
				Base,
			);
			mainGroup = 98572AE821BD9F53009C8D81;
			productRefGroup = 98572AF221BD9F53009C8D81 /* Products */;
			projectDirPath = "";
			projectRoot = "";
			targets = (
				98572AF021BD9F53009C8D81 /* ThesisProjectMVVMExample */,
				98572B0721BD9F54009C8D81 /* ThesisProjectMVVMExampleTests */,
			);
		};
/* End PBXProject section */

/* Begin PBXResourcesBuildPhase section */
		98572AEF21BD9F53009C8D81 /* Resources */ = {
			isa = PBXResourcesBuildPhase;
			buildActionMask = 2147483647;
			files = (
				98572B0221BD9F54009C8D81 /* LaunchScreen.storyboard in Resources */,
				98572AFF21BD9F54009C8D81 /* Assets.xcassets in Resources */,
				98E4982521CD271400C23611 /* MainTableViewCell.xib in Resources */,
				98572AFA21BD9F53009C8D81 /* Main.storyboard in Resources */,
			);
			runOnlyForDeploymentPostprocessing = 0;
		};
		98572B0621BD9F54009C8D81 /* Resources */ = {
			isa = PBXResourcesBuildPhase;
			buildActionMask = 2147483647;
			files = (
			);
			runOnlyForDeploymentPostprocessing = 0;
		};
/* End PBXResourcesBuildPhase section */

/* Begin PBXShellScriptBuildPhase section */
		1621FF5B6FC806E935363566 /* [CP] Check Pods Manifest.lock */ = {
			isa = PBXShellScriptBuildPhase;
			buildActionMask = 2147483647;
			files = (
			);
			inputFileListPaths = (
			);
			inputPaths = (
				"${PODS_PODFILE_DIR_PATH}/Podfile.lock",
				"${PODS_ROOT}/Manifest.lock",
			);
			name = "[CP] Check Pods Manifest.lock";
			outputFileListPaths = (
			);
			outputPaths = (
				"$(DERIVED_FILE_DIR)/Pods-ThesisProjectMVVMExample-checkManifestLockResult.txt",
			);
			runOnlyForDeploymentPostprocessing = 0;
			shellPath = /bin/sh;
			shellScript = "diff \"${PODS_PODFILE_DIR_PATH}/Podfile.lock\" \"${PODS_ROOT}/Manifest.lock\" > /dev/null\nif [ $? != 0 ] ; then\n    # print error to STDERR\n    echo \"error: The sandbox is not in sync with the Podfile.lock. Run 'pod install' or update your CocoaPods installation.\" >&2\n    exit 1\nfi\n# This output is used by Xcode 'outputs' to avoid re-running this script phase.\necho \"SUCCESS\" > \"${SCRIPT_OUTPUT_FILE_0}\"\n";
			showEnvVarsInLog = 0;
		};
		6EED1040144877C3310D4C50 /* [CP] Check Pods Manifest.lock */ = {
			isa = PBXShellScriptBuildPhase;
			buildActionMask = 2147483647;
			files = (
			);
			inputFileListPaths = (
			);
			inputPaths = (
				"${PODS_PODFILE_DIR_PATH}/Podfile.lock",
				"${PODS_ROOT}/Manifest.lock",
			);
			name = "[CP] Check Pods Manifest.lock";
			outputFileListPaths = (
			);
			outputPaths = (
				"$(DERIVED_FILE_DIR)/Pods-ThesisProjectMVVMExampleTests-checkManifestLockResult.txt",
			);
			runOnlyForDeploymentPostprocessing = 0;
			shellPath = /bin/sh;
			shellScript = "diff \"${PODS_PODFILE_DIR_PATH}/Podfile.lock\" \"${PODS_ROOT}/Manifest.lock\" > /dev/null\nif [ $? != 0 ] ; then\n    # print error to STDERR\n    echo \"error: The sandbox is not in sync with the Podfile.lock. Run 'pod install' or update your CocoaPods installation.\" >&2\n    exit 1\nfi\n# This output is used by Xcode 'outputs' to avoid re-running this script phase.\necho \"SUCCESS\" > \"${SCRIPT_OUTPUT_FILE_0}\"\n";
			showEnvVarsInLog = 0;
		};
		98572B1721BDA12C009C8D81 /* SwiftLint */ = {
			isa = PBXShellScriptBuildPhase;
			buildActionMask = 2147483647;
			files = (
			);
			inputFileListPaths = (
			);
			inputPaths = (
			);
			name = SwiftLint;
			outputFileListPaths = (
			);
			outputPaths = (
			);
			runOnlyForDeploymentPostprocessing = 0;
			shellPath = /bin/sh;
			shellScript = "if which swiftlint >/dev/null; then\nswiftlint\nelse\necho \"warning: SwiftLint not installed, download from https://github.com/realm/SwiftLint\"\nfi\n\n";
		};
/* End PBXShellScriptBuildPhase section */

/* Begin PBXSourcesBuildPhase section */
		98572AED21BD9F53009C8D81 /* Sources */ = {
			isa = PBXSourcesBuildPhase;
			buildActionMask = 2147483647;
			files = (
				98E4983721CD54AF00C23611 /* MapViewModel.swift in Sources */,
				98E4984321CD978600C23611 /* ForecastUIView.swift in Sources */,
				98C85B9521C9920800907426 /* LocationAdapter.swift in Sources */,
				98572AF721BD9F53009C8D81 /* MainTableViewController.swift in Sources */,
				98E4985421CEC73D00C23611 /* AppRepository.swift in Sources */,
				98C85B9121C991FC00907426 /* ForecastAdapter.swift in Sources */,
				98E4983321CD529A00C23611 /* SeparatorStyle.swift in Sources */,
				98C85B8B21C991A500907426 /* APISource.swift in Sources */,
				98E4984821CE71BC00C23611 /* AddCityViewController.swift in Sources */,
				98E4983121CD38ED00C23611 /* MainTableViewModel.swift in Sources */,
				98E4983921CD918400C23611 /* DetailViewController.swift in Sources */,
				98C85B9721C9920E00907426 /* LocationCollectionAdapter.swift in Sources */,
				98C85B6F21C9902F00907426 /* ButtonType.swift in Sources */,
				98C85B6B21C9901100907426 /* APIResult.swift in Sources */,
				98E4985121CEC6F300C23611 /* APIError.swift in Sources */,
				98C85B8F21C991F500907426 /* CoordinatesAdapter.swift in Sources */,
				98572AFD21BD9F53009C8D81 /* ThesisProjectMVVMExample.xcdatamodeld in Sources */,
				98E4982421CD271400C23611 /* MainTableViewCell.swift in Sources */,
				98E4984D21CEC62400C23611 /* APIManagerType.swift in Sources */,
				98C85B7F21C9913B00907426 /* Coordinates.swift in Sources */,
				98E4983521CD549B00C23611 /* MapViewController.swift in Sources */,
				98C85B7621C9906600907426 /* UIColor+Extensions.swift in Sources */,
				98C85B8921C9919E00907426 /* APIParent.swift in Sources */,
				98C85B8321C9914E00907426 /* Location.swift in Sources */,
				98E4982721CD2AD600C23611 /* MainTableCellViewModel.swift in Sources */,
				98C85B8721C9919800907426 /* APIForecast.swift in Sources */,
				98E4982921CD2E4D00C23611 /* TableCellConfiguring.swift in Sources */,
				98C85B7821C9906C00907426 /* UITableViewCell+Extensions.swift in Sources */,
				98E4984621CD9AA800C23611 /* ForecastViewModel.swift in Sources */,
				98572AF521BD9F53009C8D81 /* AppDelegate.swift in Sources */,
				98C85B9321C9920200907426 /* ForecastCollectionAdapter.swift in Sources */,
				98C85B7421C9905F00907426 /* UIButton+Extensions.swift in Sources */,
				98C85B8521C9919100907426 /* APIConsolidatedWeather.swift in Sources */,
				98C85B6D21C9901D00907426 /* AssetCodeMapper.swift in Sources */,
				98C85B7D21C9913500907426 /* City.swift in Sources */,
				98C85B8121C9914500907426 /* Forecast.swift in Sources */,
				98E4984A21CE71D500C23611 /* AddCityViewModel.swift in Sources */,
				98C85B8D21C991EF00907426 /* CityAdapter.swift in Sources */,
				98E4984F21CEC62B00C23611 /* APIManager.swift in Sources */,
				98E4983B21CD919100C23611 /* DetailViewModel.swift in Sources */,
				98C85B7121C9904400907426 /* DataManager.swift in Sources */,
			);
			runOnlyForDeploymentPostprocessing = 0;
		};
		98572B0421BD9F54009C8D81 /* Sources */ = {
			isa = PBXSourcesBuildPhase;
			buildActionMask = 2147483647;
			files = (
				98572B0D21BD9F54009C8D81 /* ThesisProjectMVVMExampleTests.swift in Sources */,
			);
			runOnlyForDeploymentPostprocessing = 0;
		};
/* End PBXSourcesBuildPhase section */

/* Begin PBXTargetDependency section */
		98572B0A21BD9F54009C8D81 /* PBXTargetDependency */ = {
			isa = PBXTargetDependency;
			target = 98572AF021BD9F53009C8D81 /* ThesisProjectMVVMExample */;
			targetProxy = 98572B0921BD9F54009C8D81 /* PBXContainerItemProxy */;
		};
/* End PBXTargetDependency section */

/* Begin PBXVariantGroup section */
		98572AF821BD9F53009C8D81 /* Main.storyboard */ = {
			isa = PBXVariantGroup;
			children = (
				98572AF921BD9F53009C8D81 /* Base */,
			);
			name = Main.storyboard;
			sourceTree = "<group>";
		};
		98572B0021BD9F54009C8D81 /* LaunchScreen.storyboard */ = {
			isa = PBXVariantGroup;
			children = (
				98572B0121BD9F54009C8D81 /* Base */,
			);
			name = LaunchScreen.storyboard;
			sourceTree = "<group>";
		};
/* End PBXVariantGroup section */

/* Begin XCBuildConfiguration section */
		98572B0F21BD9F54009C8D81 /* Debug */ = {
			isa = XCBuildConfiguration;
			buildSettings = {
				ALWAYS_SEARCH_USER_PATHS = NO;
				CLANG_ANALYZER_NONNULL = YES;
				CLANG_ANALYZER_NUMBER_OBJECT_CONVERSION = YES_AGGRESSIVE;
				CLANG_CXX_LANGUAGE_STANDARD = "gnu++14";
				CLANG_CXX_LIBRARY = "libc++";
				CLANG_ENABLE_MODULES = YES;
				CLANG_ENABLE_OBJC_ARC = YES;
				CLANG_ENABLE_OBJC_WEAK = YES;
				CLANG_WARN_BLOCK_CAPTURE_AUTORELEASING = YES;
				CLANG_WARN_BOOL_CONVERSION = YES;
				CLANG_WARN_COMMA = YES;
				CLANG_WARN_CONSTANT_CONVERSION = YES;
				CLANG_WARN_DEPRECATED_OBJC_IMPLEMENTATIONS = YES;
				CLANG_WARN_DIRECT_OBJC_ISA_USAGE = YES_ERROR;
				CLANG_WARN_DOCUMENTATION_COMMENTS = YES;
				CLANG_WARN_EMPTY_BODY = YES;
				CLANG_WARN_ENUM_CONVERSION = YES;
				CLANG_WARN_INFINITE_RECURSION = YES;
				CLANG_WARN_INT_CONVERSION = YES;
				CLANG_WARN_NON_LITERAL_NULL_CONVERSION = YES;
				CLANG_WARN_OBJC_IMPLICIT_RETAIN_SELF = YES;
				CLANG_WARN_OBJC_LITERAL_CONVERSION = YES;
				CLANG_WARN_OBJC_ROOT_CLASS = YES_ERROR;
				CLANG_WARN_RANGE_LOOP_ANALYSIS = YES;
				CLANG_WARN_STRICT_PROTOTYPES = YES;
				CLANG_WARN_SUSPICIOUS_MOVE = YES;
				CLANG_WARN_UNGUARDED_AVAILABILITY = YES_AGGRESSIVE;
				CLANG_WARN_UNREACHABLE_CODE = YES;
				CLANG_WARN__DUPLICATE_METHOD_MATCH = YES;
				CODE_SIGN_IDENTITY = "iPhone Developer";
				COPY_PHASE_STRIP = NO;
				DEBUG_INFORMATION_FORMAT = dwarf;
				ENABLE_STRICT_OBJC_MSGSEND = YES;
				ENABLE_TESTABILITY = YES;
				GCC_C_LANGUAGE_STANDARD = gnu11;
				GCC_DYNAMIC_NO_PIC = NO;
				GCC_NO_COMMON_BLOCKS = YES;
				GCC_OPTIMIZATION_LEVEL = 0;
				GCC_PREPROCESSOR_DEFINITIONS = (
					"DEBUG=1",
					"$(inherited)",
				);
				GCC_WARN_64_TO_32_BIT_CONVERSION = YES;
				GCC_WARN_ABOUT_RETURN_TYPE = YES_ERROR;
				GCC_WARN_UNDECLARED_SELECTOR = YES;
				GCC_WARN_UNINITIALIZED_AUTOS = YES_AGGRESSIVE;
				GCC_WARN_UNUSED_FUNCTION = YES;
				GCC_WARN_UNUSED_VARIABLE = YES;
				IPHONEOS_DEPLOYMENT_TARGET = 12.0;
				MTL_ENABLE_DEBUG_INFO = INCLUDE_SOURCE;
				MTL_FAST_MATH = YES;
				ONLY_ACTIVE_ARCH = YES;
				SDKROOT = iphoneos;
				SWIFT_ACTIVE_COMPILATION_CONDITIONS = DEBUG;
				SWIFT_OPTIMIZATION_LEVEL = "-Onone";
			};
			name = Debug;
		};
		98572B1021BD9F54009C8D81 /* Release */ = {
			isa = XCBuildConfiguration;
			buildSettings = {
				ALWAYS_SEARCH_USER_PATHS = NO;
				CLANG_ANALYZER_NONNULL = YES;
				CLANG_ANALYZER_NUMBER_OBJECT_CONVERSION = YES_AGGRESSIVE;
				CLANG_CXX_LANGUAGE_STANDARD = "gnu++14";
				CLANG_CXX_LIBRARY = "libc++";
				CLANG_ENABLE_MODULES = YES;
				CLANG_ENABLE_OBJC_ARC = YES;
				CLANG_ENABLE_OBJC_WEAK = YES;
				CLANG_WARN_BLOCK_CAPTURE_AUTORELEASING = YES;
				CLANG_WARN_BOOL_CONVERSION = YES;
				CLANG_WARN_COMMA = YES;
				CLANG_WARN_CONSTANT_CONVERSION = YES;
				CLANG_WARN_DEPRECATED_OBJC_IMPLEMENTATIONS = YES;
				CLANG_WARN_DIRECT_OBJC_ISA_USAGE = YES_ERROR;
				CLANG_WARN_DOCUMENTATION_COMMENTS = YES;
				CLANG_WARN_EMPTY_BODY = YES;
				CLANG_WARN_ENUM_CONVERSION = YES;
				CLANG_WARN_INFINITE_RECURSION = YES;
				CLANG_WARN_INT_CONVERSION = YES;
				CLANG_WARN_NON_LITERAL_NULL_CONVERSION = YES;
				CLANG_WARN_OBJC_IMPLICIT_RETAIN_SELF = YES;
				CLANG_WARN_OBJC_LITERAL_CONVERSION = YES;
				CLANG_WARN_OBJC_ROOT_CLASS = YES_ERROR;
				CLANG_WARN_RANGE_LOOP_ANALYSIS = YES;
				CLANG_WARN_STRICT_PROTOTYPES = YES;
				CLANG_WARN_SUSPICIOUS_MOVE = YES;
				CLANG_WARN_UNGUARDED_AVAILABILITY = YES_AGGRESSIVE;
				CLANG_WARN_UNREACHABLE_CODE = YES;
				CLANG_WARN__DUPLICATE_METHOD_MATCH = YES;
				CODE_SIGN_IDENTITY = "iPhone Developer";
				COPY_PHASE_STRIP = NO;
				DEBUG_INFORMATION_FORMAT = "dwarf-with-dsym";
				ENABLE_NS_ASSERTIONS = NO;
				ENABLE_STRICT_OBJC_MSGSEND = YES;
				GCC_C_LANGUAGE_STANDARD = gnu11;
				GCC_NO_COMMON_BLOCKS = YES;
				GCC_WARN_64_TO_32_BIT_CONVERSION = YES;
				GCC_WARN_ABOUT_RETURN_TYPE = YES_ERROR;
				GCC_WARN_UNDECLARED_SELECTOR = YES;
				GCC_WARN_UNINITIALIZED_AUTOS = YES_AGGRESSIVE;
				GCC_WARN_UNUSED_FUNCTION = YES;
				GCC_WARN_UNUSED_VARIABLE = YES;
				IPHONEOS_DEPLOYMENT_TARGET = 12.0;
				MTL_ENABLE_DEBUG_INFO = NO;
				MTL_FAST_MATH = YES;
				SDKROOT = iphoneos;
				SWIFT_COMPILATION_MODE = wholemodule;
				SWIFT_OPTIMIZATION_LEVEL = "-O";
				VALIDATE_PRODUCT = YES;
			};
			name = Release;
		};
		98572B1221BD9F54009C8D81 /* Debug */ = {
			isa = XCBuildConfiguration;
			baseConfigurationReference = 2E42DBEADE57C8B88BDFF5B0 /* Pods-ThesisProjectMVVMExample.debug.xcconfig */;
			buildSettings = {
				ASSETCATALOG_COMPILER_APPICON_NAME = AppIcon;
				CODE_SIGN_STYLE = Automatic;
				DEVELOPMENT_TEAM = 43RS73H356;
				INFOPLIST_FILE = ThesisProjectMVVMExample/Info.plist;
				LD_RUNPATH_SEARCH_PATHS = (
					"$(inherited)",
					"@executable_path/Frameworks",
				);
				PRODUCT_BUNDLE_IDENTIFIER = com.helmecki.ThesisProjectMVVMExample;
				PRODUCT_NAME = "$(TARGET_NAME)";
				SWIFT_VERSION = 4.2;
				TARGETED_DEVICE_FAMILY = "1,2";
			};
			name = Debug;
		};
		98572B1321BD9F54009C8D81 /* Release */ = {
			isa = XCBuildConfiguration;
			baseConfigurationReference = F0EFC0A31AE322E651BA2BBC /* Pods-ThesisProjectMVVMExample.release.xcconfig */;
			buildSettings = {
				ASSETCATALOG_COMPILER_APPICON_NAME = AppIcon;
				CODE_SIGN_STYLE = Automatic;
				DEVELOPMENT_TEAM = 43RS73H356;
				INFOPLIST_FILE = ThesisProjectMVVMExample/Info.plist;
				LD_RUNPATH_SEARCH_PATHS = (
					"$(inherited)",
					"@executable_path/Frameworks",
				);
				PRODUCT_BUNDLE_IDENTIFIER = com.helmecki.ThesisProjectMVVMExample;
				PRODUCT_NAME = "$(TARGET_NAME)";
				SWIFT_VERSION = 4.2;
				TARGETED_DEVICE_FAMILY = "1,2";
			};
			name = Release;
		};
		98572B1521BD9F54009C8D81 /* Debug */ = {
			isa = XCBuildConfiguration;
			baseConfigurationReference = BE3DAB7C47BBAA0507BC06F8 /* Pods-ThesisProjectMVVMExampleTests.debug.xcconfig */;
			buildSettings = {
				ALWAYS_EMBED_SWIFT_STANDARD_LIBRARIES = YES;
				BUNDLE_LOADER = "$(TEST_HOST)";
				CODE_SIGN_STYLE = Automatic;
				DEVELOPMENT_TEAM = 43RS73H356;
				INFOPLIST_FILE = ThesisProjectMVVMExampleTests/Info.plist;
				LD_RUNPATH_SEARCH_PATHS = (
					"$(inherited)",
					"@executable_path/Frameworks",
					"@loader_path/Frameworks",
				);
				PRODUCT_BUNDLE_IDENTIFIER = com.helmecki.ThesisProjectMVVMExampleTests;
				PRODUCT_NAME = "$(TARGET_NAME)";
				SWIFT_VERSION = 4.2;
				TARGETED_DEVICE_FAMILY = "1,2";
				TEST_HOST = "$(BUILT_PRODUCTS_DIR)/ThesisProjectMVVMExample.app/ThesisProjectMVVMExample";
			};
			name = Debug;
		};
		98572B1621BD9F54009C8D81 /* Release */ = {
			isa = XCBuildConfiguration;
			baseConfigurationReference = 6B0F6EE67D2B9ED18367B390 /* Pods-ThesisProjectMVVMExampleTests.release.xcconfig */;
			buildSettings = {
				ALWAYS_EMBED_SWIFT_STANDARD_LIBRARIES = YES;
				BUNDLE_LOADER = "$(TEST_HOST)";
				CODE_SIGN_STYLE = Automatic;
				DEVELOPMENT_TEAM = 43RS73H356;
				INFOPLIST_FILE = ThesisProjectMVVMExampleTests/Info.plist;
				LD_RUNPATH_SEARCH_PATHS = (
					"$(inherited)",
					"@executable_path/Frameworks",
					"@loader_path/Frameworks",
				);
				PRODUCT_BUNDLE_IDENTIFIER = com.helmecki.ThesisProjectMVVMExampleTests;
				PRODUCT_NAME = "$(TARGET_NAME)";
				SWIFT_VERSION = 4.2;
				TARGETED_DEVICE_FAMILY = "1,2";
				TEST_HOST = "$(BUILT_PRODUCTS_DIR)/ThesisProjectMVVMExample.app/ThesisProjectMVVMExample";
			};
			name = Release;
		};
/* End XCBuildConfiguration section */

/* Begin XCConfigurationList section */
		98572AEC21BD9F53009C8D81 /* Build configuration list for PBXProject "ThesisProjectMVVMExample" */ = {
			isa = XCConfigurationList;
			buildConfigurations = (
				98572B0F21BD9F54009C8D81 /* Debug */,
				98572B1021BD9F54009C8D81 /* Release */,
			);
			defaultConfigurationIsVisible = 0;
			defaultConfigurationName = Release;
		};
		98572B1121BD9F54009C8D81 /* Build configuration list for PBXNativeTarget "ThesisProjectMVVMExample" */ = {
			isa = XCConfigurationList;
			buildConfigurations = (
				98572B1221BD9F54009C8D81 /* Debug */,
				98572B1321BD9F54009C8D81 /* Release */,
			);
			defaultConfigurationIsVisible = 0;
			defaultConfigurationName = Release;
		};
		98572B1421BD9F54009C8D81 /* Build configuration list for PBXNativeTarget "ThesisProjectMVVMExampleTests" */ = {
			isa = XCConfigurationList;
			buildConfigurations = (
				98572B1521BD9F54009C8D81 /* Debug */,
				98572B1621BD9F54009C8D81 /* Release */,
			);
			defaultConfigurationIsVisible = 0;
			defaultConfigurationName = Release;
		};
/* End XCConfigurationList section */

/* Begin XCVersionGroup section */
		98572AFB21BD9F53009C8D81 /* ThesisProjectMVVMExample.xcdatamodeld */ = {
			isa = XCVersionGroup;
			children = (
				98572AFC21BD9F53009C8D81 /* ThesisProjectMVVMExample.xcdatamodel */,
			);
			currentVersion = 98572AFC21BD9F53009C8D81 /* ThesisProjectMVVMExample.xcdatamodel */;
			path = ThesisProjectMVVMExample.xcdatamodeld;
			sourceTree = "<group>";
			versionGroupType = wrapper.xcdatamodel;
		};
/* End XCVersionGroup section */
	};
	rootObject = 98572AE921BD9F53009C8D81 /* Project object */;
}
